// !$*UTF8*$!
{
	archiveVersion = 1;
	classes = {
	};
	objectVersion = 46;
	objects = {

/* Begin PBXBuildFile section */
		B96CDBFC1AB3D70200F97E8D /* main.m in Sources */ = {isa = PBXBuildFile; fileRef = B96CDBFB1AB3D70200F97E8D /* main.m */; };
		B96CDBFF1AB3D70200F97E8D /* AppDelegate.m in Sources */ = {isa = PBXBuildFile; fileRef = B96CDBFE1AB3D70200F97E8D /* AppDelegate.m */; };
		B96CDC021AB3D70200F97E8D /* DelegateDemo.xcdatamodeld in Sources */ = {isa = PBXBuildFile; fileRef = B96CDC001AB3D70200F97E8D /* DelegateDemo.xcdatamodeld */; };
		B96CDC041AB3D70200F97E8D /* Images.xcassets in Resources */ = {isa = PBXBuildFile; fileRef = B96CDC031AB3D70200F97E8D /* Images.xcassets */; };
		B96CDC071AB3D70200F97E8D /* LaunchScreen.xib in Resources */ = {isa = PBXBuildFile; fileRef = B96CDC051AB3D70200F97E8D /* LaunchScreen.xib */; };
		B96CDC131AB3D70200F97E8D /* DelegateDemoTests.m in Sources */ = {isa = PBXBuildFile; fileRef = B96CDC121AB3D70200F97E8D /* DelegateDemoTests.m */; };
		B96CDC1E1AB3D7C800F97E8D /* KCButton.m in Sources */ = {isa = PBXBuildFile; fileRef = B96CDC1D1AB3D7C800F97E8D /* KCButton.m */; };
		B96CDC211AB3E04E00F97E8D /* MyListener.m in Sources */ = {isa = PBXBuildFile; fileRef = B96CDC201AB3E04E00F97E8D /* MyListener.m */; };
/* End PBXBuildFile section */

/* Begin PBXContainerItemProxy section */
		B96CDC0D1AB3D70200F97E8D /* PBXContainerItemProxy */ = {
			isa = PBXContainerItemProxy;
			containerPortal = B96CDBEE1AB3D70200F97E8D /* Project object */;
			proxyType = 1;
			remoteGlobalIDString = B96CDBF51AB3D70200F97E8D;
			remoteInfo = DelegateDemo;
		};
/* End PBXContainerItemProxy section */

/* Begin PBXFileReference section */
		B96CDBF61AB3D70200F97E8D /* DelegateDemo.app */ = {isa = PBXFileReference; explicitFileType = wrapper.application; includeInIndex = 0; path = DelegateDemo.app; sourceTree = BUILT_PRODUCTS_DIR; };
		B96CDBFA1AB3D70200F97E8D /* Info.plist */ = {isa = PBXFileReference; lastKnownFileType = text.plist.xml; path = Info.plist; sourceTree = "<group>"; };
		B96CDBFB1AB3D70200F97E8D /* main.m */ = {isa = PBXFileReference; lastKnownFileType = sourcecode.c.objc; path = main.m; sourceTree = "<group>"; };
		B96CDBFD1AB3D70200F97E8D /* AppDelegate.h */ = {isa = PBXFileReference; lastKnownFileType = sourcecode.c.h; path = AppDelegate.h; sourceTree = "<group>"; };
		B96CDBFE1AB3D70200F97E8D /* AppDelegate.m */ = {isa = PBXFileReference; lastKnownFileType = sourcecode.c.objc; path = AppDelegate.m; sourceTree = "<group>"; };
		B96CDC011AB3D70200F97E8D /* DelegateDemo.xcdatamodel */ = {isa = PBXFileReference; lastKnownFileType = wrapper.xcdatamodel; path = DelegateDemo.xcdatamodel; sourceTree = "<group>"; };
		B96CDC031AB3D70200F97E8D /* Images.xcassets */ = {isa = PBXFileReference; lastKnownFileType = folder.assetcatalog; path = Images.xcassets; sourceTree = "<group>"; };
		B96CDC061AB3D70200F97E8D /* Base */ = {isa = PBXFileReference; lastKnownFileType = file.xib; name = Base; path = Base.lproj/LaunchScreen.xib; sourceTree = "<group>"; };
		B96CDC0C1AB3D70200F97E8D /* DelegateDemoTests.xctest */ = {isa = PBXFileReference; explicitFileType = wrapper.cfbundle; includeInIndex = 0; path = DelegateDemoTests.xctest; sourceTree = BUILT_PRODUCTS_DIR; };
		B96CDC111AB3D70200F97E8D /* Info.plist */ = {isa = PBXFileReference; lastKnownFileType = text.plist.xml; path = Info.plist; sourceTree = "<group>"; };
		B96CDC121AB3D70200F97E8D /* DelegateDemoTests.m */ = {isa = PBXFileReference; lastKnownFileType = sourcecode.c.objc; path = DelegateDemoTests.m; sourceTree = "<group>"; };
		B96CDC1C1AB3D7C800F97E8D /* KCButton.h */ = {isa = PBXFileReference; fileEncoding = 4; lastKnownFileType = sourcecode.c.h; path = KCButton.h; sourceTree = "<group>"; };
		B96CDC1D1AB3D7C800F97E8D /* KCButton.m */ = {isa = PBXFileReference; fileEncoding = 4; lastKnownFileType = sourcecode.c.objc; path = KCButton.m; sourceTree = "<group>"; };
		B96CDC1F1AB3E04E00F97E8D /* MyListener.h */ = {isa = PBXFileReference; fileEncoding = 4; lastKnownFileType = sourcecode.c.h; path = MyListener.h; sourceTree = "<group>"; };
		B96CDC201AB3E04E00F97E8D /* MyListener.m */ = {isa = PBXFileReference; fileEncoding = 4; lastKnownFileType = sourcecode.c.objc; path = MyListener.m; sourceTree = "<group>"; };
/* End PBXFileReference section */

/* Begin PBXFrameworksBuildPhase section */
		B96CDBF31AB3D70200F97E8D /* Frameworks */ = {
			isa = PBXFrameworksBuildPhase;
			buildActionMask = 2147483647;
			files = (
			);
			runOnlyForDeploymentPostprocessing = 0;
		};
		B96CDC091AB3D70200F97E8D /* Frameworks */ = {
			isa = PBXFrameworksBuildPhase;
			buildActionMask = 2147483647;
			files = (
			);
			runOnlyForDeploymentPostprocessing = 0;
		};
/* End PBXFrameworksBuildPhase section */

/* Begin PBXGroup section */
		B96CDBED1AB3D70200F97E8D = {
			isa = PBXGroup;
			children = (
				B96CDBF81AB3D70200F97E8D /* DelegateDemo */,
				B96CDC0F1AB3D70200F97E8D /* DelegateDemoTests */,
				B96CDBF71AB3D70200F97E8D /* Products */,
			);
			sourceTree = "<group>";
		};
		B96CDBF71AB3D70200F97E8D /* Products */ = {
			isa = PBXGroup;
			children = (
				B96CDBF61AB3D70200F97E8D /* DelegateDemo.app */,
				B96CDC0C1AB3D70200F97E8D /* DelegateDemoTests.xctest */,
			);
			name = Products;
			sourceTree = "<group>";
		};
		B96CDBF81AB3D70200F97E8D /* DelegateDemo */ = {
			isa = PBXGroup;
			children = (
				B96CDBFD1AB3D70200F97E8D /* AppDelegate.h */,
				B96CDBFE1AB3D70200F97E8D /* AppDelegate.m */,
				B96CDC031AB3D70200F97E8D /* Images.xcassets */,
				B96CDC051AB3D70200F97E8D /* LaunchScreen.xib */,
				B96CDC001AB3D70200F97E8D /* DelegateDemo.xcdatamodeld */,
				B96CDBF91AB3D70200F97E8D /* Supporting Files */,
				B96CDC1C1AB3D7C800F97E8D /* KCButton.h */,
				B96CDC1D1AB3D7C800F97E8D /* KCButton.m */,
				B96CDC1F1AB3E04E00F97E8D /* MyListener.h */,
				B96CDC201AB3E04E00F97E8D /* MyListener.m */,
			);
			path = DelegateDemo;
			sourceTree = "<group>";
		};
		B96CDBF91AB3D70200F97E8D /* Supporting Files */ = {
			isa = PBXGroup;
			children = (
				B96CDBFA1AB3D70200F97E8D /* Info.plist */,
				B96CDBFB1AB3D70200F97E8D /* main.m */,
			);
			name = "Supporting Files";
			sourceTree = "<group>";
		};
		B96CDC0F1AB3D70200F97E8D /* DelegateDemoTests */ = {
			isa = PBXGroup;
			children = (
				B96CDC121AB3D70200F97E8D /* DelegateDemoTests.m */,
				B96CDC101AB3D70200F97E8D /* Supporting Files */,
			);
			path = DelegateDemoTests;
			sourceTree = "<group>";
		};
		B96CDC101AB3D70200F97E8D /* Supporting Files */ = {
			isa = PBXGroup;
			children = (
				B96CDC111AB3D70200F97E8D /* Info.plist */,
			);
			name = "Supporting Files";
			sourceTree = "<group>";
		};
/* End PBXGroup section */

/* Begin PBXNativeTarget section */
		B96CDBF51AB3D70200F97E8D /* DelegateDemo */ = {
			isa = PBXNativeTarget;
			buildConfigurationList = B96CDC161AB3D70200F97E8D /* Build configuration list for PBXNativeTarget "DelegateDemo" */;
			buildPhases = (
				B96CDBF21AB3D70200F97E8D /* Sources */,
				B96CDBF31AB3D70200F97E8D /* Frameworks */,
				B96CDBF41AB3D70200F97E8D /* Resources */,
			);
			buildRules = (
			);
			dependencies = (
			);
			name = DelegateDemo;
			productName = DelegateDemo;
			productReference = B96CDBF61AB3D70200F97E8D /* DelegateDemo.app */;
			productType = "com.apple.product-type.application";
		};
		B96CDC0B1AB3D70200F97E8D /* DelegateDemoTests */ = {
			isa = PBXNativeTarget;
			buildConfigurationList = B96CDC191AB3D70200F97E8D /* Build configuration list for PBXNativeTarget "DelegateDemoTests" */;
			buildPhases = (
				B96CDC081AB3D70200F97E8D /* Sources */,
				B96CDC091AB3D70200F97E8D /* Frameworks */,
				B96CDC0A1AB3D70200F97E8D /* Resources */,
			);
			buildRules = (
			);
			dependencies = (
				B96CDC0E1AB3D70200F97E8D /* PBXTargetDependency */,
			);
			name = DelegateDemoTests;
			productName = DelegateDemoTests;
			productReference = B96CDC0C1AB3D70200F97E8D /* DelegateDemoTests.xctest */;
			productType = "com.apple.product-type.bundle.unit-test";
		};
/* End PBXNativeTarget section */

/* Begin PBXProject section */
		B96CDBEE1AB3D70200F97E8D /* Project object */ = {
			isa = PBXProject;
			attributes = {
				LastUpgradeCheck = 0600;
				ORGANIZATIONNAME = chu;
				TargetAttributes = {
					B96CDBF51AB3D70200F97E8D = {
						CreatedOnToolsVersion = 6.0.1;
					};
					B96CDC0B1AB3D70200F97E8D = {
						CreatedOnToolsVersion = 6.0.1;
						TestTargetID = B96CDBF51AB3D70200F97E8D;
					};
				};
			};
			buildConfigurationList = B96CDBF11AB3D70200F97E8D /* Build configuration list for PBXProject "DelegateDemo" */;
			compatibilityVersion = "Xcode 3.2";
			developmentRegion = English;
			hasScannedForEncodings = 0;
			knownRegions = (
				en,
				Base,
			);
			mainGroup = B96CDBED1AB3D70200F97E8D;
			productRefGroup = B96CDBF71AB3D70200F97E8D /* Products */;
			projectDirPath = "";
			projectRoot = "";
			targets = (
				B96CDBF51AB3D70200F97E8D /* DelegateDemo */,
				B96CDC0B1AB3D70200F97E8D /* DelegateDemoTests */,
			);
		};
/* End PBXProject section */

/* Begin PBXResourcesBuildPhase section */
		B96CDBF41AB3D70200F97E8D /* Resources */ = {
			isa = PBXResourcesBuildPhase;
			buildActionMask = 2147483647;
			files = (
				B96CDC071AB3D70200F97E8D /* LaunchScreen.xib in Resources */,
				B96CDC041AB3D70200F97E8D /* Images.xcassets in Resources */,
			);
			runOnlyForDeploymentPostprocessing = 0;
		};
		B96CDC0A1AB3D70200F97E8D /* Resources */ = {
			isa = PBXResourcesBuildPhase;
			buildActionMask = 2147483647;
			files = (
			);
			runOnlyForDeploymentPostprocessing = 0;
		};
/* End PBXResourcesBuildPhase section */

/* Begin PBXSourcesBuildPhase section */
		B96CDBF21AB3D70200F97E8D /* Sources */ = {
			isa = PBXSourcesBuildPhase;
			buildActionMask = 2147483647;
			files = (
				B96CDC211AB3E04E00F97E8D /* MyListener.m in Sources */,
				B96CDBFF1AB3D70200F97E8D /* AppDelegate.m in Sources */,
				B96CDBFC1AB3D70200F97E8D /* main.m in Sources */,
				B96CDC021AB3D70200F97E8D /* DelegateDemo.xcdatamodeld in Sources */,
				B96CDC1E1AB3D7C800F97E8D /* KCButton.m in Sources */,
			);
			runOnlyForDeploymentPostprocessing = 0;
		};
		B96CDC081AB3D70200F97E8D /* Sources */ = {
			isa = PBXSourcesBuildPhase;
			buildActionMask = 2147483647;
			files = (
				B96CDC131AB3D70200F97E8D /* DelegateDemoTests.m in Sources */,
			);
			runOnlyForDeploymentPostprocessing = 0;
		};
/* End PBXSourcesBuildPhase section */

/* Begin PBXTargetDependency section */
		B96CDC0E1AB3D70200F97E8D /* PBXTargetDependency */ = {
			isa = PBXTargetDependency;
			target = B96CDBF51AB3D70200F97E8D /* DelegateDemo */;
			targetProxy = B96CDC0D1AB3D70200F97E8D /* PBXContainerItemProxy */;
		};
/* End PBXTargetDependency section */

/* Begin PBXVariantGroup section */
		B96CDC051AB3D70200F97E8D /* LaunchScreen.xib */ = {
			isa = PBXVariantGroup;
			children = (
				B96CDC061AB3D70200F97E8D /* Base */,
			);
			name = LaunchScreen.xib;
			sourceTree = "<group>";
		};
/* End PBXVariantGroup section */

/* Begin XCBuildConfiguration section */
		B96CDC141AB3D70200F97E8D /* Debug */ = {
			isa = XCBuildConfiguration;
			buildSettings = {
				ALWAYS_SEARCH_USER_PATHS = NO;
				CLANG_CXX_LANGUAGE_STANDARD = "gnu++0x";
				CLANG_CXX_LIBRARY = "libc++";
				CLANG_ENABLE_MODULES = YES;
				CLANG_ENABLE_OBJC_ARC = YES;
				CLANG_WARN_BOOL_CONVERSION = YES;
				CLANG_WARN_CONSTANT_CONVERSION = YES;
				CLANG_WARN_DIRECT_OBJC_ISA_USAGE = YES_ERROR;
				CLANG_WARN_EMPTY_BODY = YES;
				CLANG_WARN_ENUM_CONVERSION = YES;
				CLANG_WARN_INT_CONVERSION = YES;
				CLANG_WARN_OBJC_ROOT_CLASS = YES_ERROR;
				CLANG_WARN_UNREACHABLE_CODE = YES;
				CLANG_WARN__DUPLICATE_METHOD_MATCH = YES;
				"CODE_SIGN_IDENTITY[sdk=iphoneos*]" = "iPhone Developer";
				COPY_PHASE_STRIP = NO;
				ENABLE_STRICT_OBJC_MSGSEND = YES;
				GCC_C_LANGUAGE_STANDARD = gnu99;
				GCC_DYNAMIC_NO_PIC = NO;
				GCC_OPTIMIZATION_LEVEL = 0;
				GCC_PREPROCESSOR_DEFINITIONS = (
					"DEBUG=1",
					"$(inherited)",
				);
				GCC_SYMBOLS_PRIVATE_EXTERN = NO;
				GCC_WARN_64_TO_32_BIT_CONVERSION = YES;
				GCC_WARN_ABOUT_RETURN_TYPE = YES_ERROR;
				GCC_WARN_UNDECLARED_SELECTOR = YES;
				GCC_WARN_UNINITIALIZED_AUTOS = YES_AGGRESSIVE;
				GCC_WARN_UNUSED_FUNCTION = YES;
				GCC_WARN_UNUSED_VARIABLE = YES;
				IPHONEOS_DEPLOYMENT_TARGET = 8.0;
				MTL_ENABLE_DEBUG_INFO = YES;
				ONLY_ACTIVE_ARCH = YES;
				SDKROOT = iphoneos;
			};
			name = Debug;
		};
		B96CDC151AB3D70200F97E8D /* Release */ = {
			isa = XCBuildConfiguration;
			buildSettings = {
				ALWAYS_SEARCH_USER_PATHS = NO;
				CLANG_CXX_LANGUAGE_STANDARD = "gnu++0x";
				CLANG_CXX_LIBRARY = "libc++";
				CLANG_ENABLE_MODULES = YES;
				CLANG_ENABLE_OBJC_ARC = YES;
				CLANG_WARN_BOOL_CONVERSION = YES;
				CLANG_WARN_CONSTANT_CONVERSION = YES;
				CLANG_WARN_DIRECT_OBJC_ISA_USAGE = YES_ERROR;
				CLANG_WARN_EMPTY_BODY = YES;
				CLANG_WARN_ENUM_CONVERSION = YES;
				CLANG_WARN_INT_CONVERSION = YES;
				CLANG_WARN_OBJC_ROOT_CLASS = YES_ERROR;
				CLANG_WARN_UNREACHABLE_CODE = YES;
				CLANG_WARN__DUPLICATE_METHOD_MATCH = YES;
				"CODE_SIGN_IDENTITY[sdk=iphoneos*]" = "iPhone Developer";
				COPY_PHASE_STRIP = YES;
				ENABLE_NS_ASSERTIONS = NO;
				ENABLE_STRICT_OBJC_MSGSEND = YES;
				GCC_C_LANGUAGE_STANDARD = gnu99;
				GCC_WARN_64_TO_32_BIT_CONVERSION = YES;
				GCC_WARN_ABOUT_RETURN_TYPE = YES_ERROR;
				GCC_WARN_UNDECLARED_SELECTOR = YES;
				GCC_WARN_UNINITIALIZED_AUTOS = YES_AGGRESSIVE;
				GCC_WARN_UNUSED_FUNCTION = YES;
				GCC_WARN_UNUSED_VARIABLE = YES;
				IPHONEOS_DEPLOYMENT_TARGET = 8.0;
				MTL_ENABLE_DEBUG_INFO = NO;
				SDKROOT = iphoneos;
				VALIDATE_PRODUCT = YES;
			};
			name = Release;
		};
		B96CDC171AB3D70200F97E8D /* Debug */ = {
			isa = XCBuildConfiguration;
			buildSettings = {
				ASSETCATALOG_COMPILER_APPICON_NAME = AppIcon;
				INFOPLIST_FILE = DelegateDemo/Info.plist;
				LD_RUNPATH_SEARCH_PATHS = "$(inherited) @executable_path/Frameworks";
				PRODUCT_NAME = "$(TARGET_NAME)";
			};
			name = Debug;
		};
		B96CDC181AB3D70200F97E8D /* Release */ = {
			isa = XCBuildConfiguration;
			buildSettings = {
				ASSETCATALOG_COMPILER_APPICON_NAME = AppIcon;
				INFOPLIST_FILE = DelegateDemo/Info.plist;
				LD_RUNPATH_SEARCH_PATHS = "$(inherited) @executable_path/Frameworks";
				PRODUCT_NAME = "$(TARGET_NAME)";
			};
			name = Release;
		};
		B96CDC1A1AB3D70200F97E8D /* Debug */ = {
			isa = XCBuildConfiguration;
			buildSettings = {
				BUNDLE_LOADER = "$(TEST_HOST)";
				FRAMEWORK_SEARCH_PATHS = (
					"$(SDKROOT)/Developer/Library/Frameworks",
					"$(inherited)",
				);
				GCC_PREPROCESSOR_DEFINITIONS = (
					"DEBUG=1",
					"$(inherited)",
				);
				INFOPLIST_FILE = DelegateDemoTests/Info.plist;
				LD_RUNPATH_SEARCH_PATHS = "$(inherited) @executable_path/Frameworks @loader_path/Frameworks";
				PRODUCT_NAME = "$(TARGET_NAME)";
				TEST_HOST = "$(BUILT_PRODUCTS_DIR)/DelegateDemo.app/DelegateDemo";
			};
			name = Debug;
		};
		B96CDC1B1AB3D70200F97E8D /* Release */ = {
			isa = XCBuildConfiguration;
			buildSettings = {
				BUNDLE_LOADER = "$(TEST_HOST)";
				FRAMEWORK_SEARCH_PATHS = (
					"$(SDKROOT)/Developer/Library/Frameworks",
					"$(inherited)",
				);
				INFOPLIST_FILE = DelegateDemoTests/Info.plist;
				LD_RUNPATH_SEARCH_PATHS = "$(inherited) @executable_path/Frameworks @loader_path/Frameworks";
				PRODUCT_NAME = "$(TARGET_NAME)";
				TEST_HOST = "$(BUILT_PRODUCTS_DIR)/DelegateDemo.app/DelegateDemo";
			};
			name = Release;
		};
/* End XCBuildConfiguration section */

/* Begin XCConfigurationList section */
		B96CDBF11AB3D70200F97E8D /* Build configuration list for PBXProject "DelegateDemo" */ = {
			isa = XCConfigurationList;
			buildConfigurations = (
				B96CDC141AB3D70200F97E8D /* Debug */,
				B96CDC151AB3D70200F97E8D /* Release */,
			);
			defaultConfigurationIsVisible = 0;
			defaultConfigurationName = Release;
		};
		B96CDC161AB3D70200F97E8D /* Build configuration list for PBXNativeTarget "DelegateDemo" */ = {
			isa = XCConfigurationList;
			buildConfigurations = (
				B96CDC171AB3D70200F97E8D /* Debug */,
				B96CDC181AB3D70200F97E8D /* Release */,
			);
			defaultConfigurationIsVisible = 0;
		};
		B96CDC191AB3D70200F97E8D /* Build configuration list for PBXNativeTarget "DelegateDemoTests" */ = {
			isa = XCConfigurationList;
			buildConfigurations = (
				B96CDC1A1AB3D70200F97E8D /* Debug */,
				B96CDC1B1AB3D70200F97E8D /* Release */,
			);
			defaultConfigurationIsVisible = 0;
		};
/* End XCConfigurationList section */

/* Begin XCVersionGroup section */
		B96CDC001AB3D70200F97E8D /* DelegateDemo.xcdatamodeld */ = {
			isa = XCVersionGroup;
			children = (
				B96CDC011AB3D70200F97E8D /* DelegateDemo.xcdatamodel */,
			);
			currentVersion = B96CDC011AB3D70200F97E8D /* DelegateDemo.xcdatamodel */;
			path = DelegateDemo.xcdatamodeld;
			sourceTree = "<group>";
			versionGroupType = wrapper.xcdatamodel;
		};
/* End XCVersionGroup section */
	};
	rootObject = B96CDBEE1AB3D70200F97E8D /* Project object */;
}
